{
  "version": 4,
  "terraform_version": "1.8.2",
  "serial": 17,
  "lineage": "f6371eca-621e-e166-9943-18476e62de4f",
  "outputs": {
    "instance_public_ip": {
      "value": "204.52.25.151",
      "type": "string"
    }
  },
  "resources": [
    {
      "mode": "managed",
      "type": "crusoe_compute_instance",
      "name": "vllm_vm",
      "provider": "provider[\"registry.terraform.io/crusoecloud/crusoe\"]",
      "instances": [
        {
          "schema_version": 1,
          "attributes": {
            "disks": [
              {
                "attachment_type": "data",
                "id": "16ac66d2-a30f-4018-b1ba-f0b2fc2ad4b0",
                "mode": "read-write"
              }
            ],
            "fqdn": "vllm-vm.us-east1-a.compute.internal",
            "host_channel_adapters": null,
            "id": "6da079ae-4c04-4cd2-9cba-2e03b318a793",
            "image": "ubuntu22.04-nvidia-slurm:2024-08-15",
            "location": "us-east1-a",
            "name": "vllm-vm",
            "network_interfaces": [
              {
                "id": "61e192b5-f71b-46b3-84db-b7116b32f50a",
                "interface_type": "Ethernet",
                "name": "default-network-interface",
                "network": "ec7fc3ec-da1e-47ab-8e8c-1271781921c8",
                "private_ipv4": {
                  "address": "172.27.27.225"
                },
                "public_ipv4": {
                  "address": "204.52.25.151",
                  "id": "e6bdfcec-6630-4a2e-909b-8d3f47393cd0",
                  "type": "dynamic"
                },
                "subnet": "85c89465-b6b2-48f9-8cd7-e99731e5e28e"
              }
            ],
            "project_id": "3aa46f67-7ecb-4877-af8c-b2d878b4b624",
            "reservation_id": "",
            "shutdown_script": null,
            "ssh_key": "ssh-ed25519 AAAAC3NzaC1lZDI1NTE5AAAAIB2WqCY//ucAvdxc9CvPFdtQx9CkTZjoI8/zqNXyLRc+ epetersen@crusoeenergy.com\n",
            "startup_script": null,
            "type": "l40s-48gb.4x"
          },
          "sensitive_attributes": [],
          "dependencies": [
            "crusoe_storage_disk.vllm_data_disk"
          ]
        }
      ]
    },
    {
      "mode": "managed",
      "type": "crusoe_storage_disk",
      "name": "vllm_data_disk",
      "provider": "provider[\"registry.terraform.io/crusoecloud/crusoe\"]",
      "instances": [
        {
          "schema_version": 1,
          "attributes": {
            "block_size": 4096,
            "id": "16ac66d2-a30f-4018-b1ba-f0b2fc2ad4b0",
            "location": "us-east1-a",
            "name": "vllm-data-disk",
            "project_id": "3aa46f67-7ecb-4877-af8c-b2d878b4b624",
            "serial_number": "36E3BEC1B818CCA50B2",
            "size": "256GiB",
            "type": "persistent-ssd"
          },
          "sensitive_attributes": []
        }
      ]
    }
  ],
  "check_results": null
}
